// !$*UTF8*$!
{
	archiveVersion = 1;
	classes = {
	};
	objectVersion = 52;
	objects = {

/* Begin PBXBuildFile section */
		2905EC83245A33E300E7AEBB /* APIClient.swift in Sources */ = {isa = PBXBuildFile; fileRef = 2905EC82245A33E300E7AEBB /* APIClient.swift */; };
		2905EC85245A340B00E7AEBB /* Request.swift in Sources */ = {isa = PBXBuildFile; fileRef = 2905EC84245A340A00E7AEBB /* Request.swift */; };
		2905EC87245A34AA00E7AEBB /* Encoder.swift in Sources */ = {isa = PBXBuildFile; fileRef = 2905EC86245A34AA00E7AEBB /* Encoder.swift */; };
		2905EC89245A34C600E7AEBB /* Response.swift in Sources */ = {isa = PBXBuildFile; fileRef = 2905EC88245A34C600E7AEBB /* Response.swift */; };
		2905EC8B24633EB100E7AEBB /* LoginViewController.swift in Sources */ = {isa = PBXBuildFile; fileRef = 2905EC8A24633EB100E7AEBB /* LoginViewController.swift */; };
		2905EC8D2463405900E7AEBB /* AuthenticationTokenResponse.swift in Sources */ = {isa = PBXBuildFile; fileRef = 2905EC8C2463405900E7AEBB /* AuthenticationTokenResponse.swift */; };
		2905EC8F2463408300E7AEBB /* CreateSessionResponse.swift in Sources */ = {isa = PBXBuildFile; fileRef = 2905EC8E2463408300E7AEBB /* CreateSessionResponse.swift */; };
		2905EC912463409800E7AEBB /* Account.swift in Sources */ = {isa = PBXBuildFile; fileRef = 2905EC902463409800E7AEBB /* Account.swift */; };
		2905ED1B246BCB2B00E7AEBB /* TitleCell.xib in Resources */ = {isa = PBXBuildFile; fileRef = 2905ED19246BCB2B00E7AEBB /* TitleCell.xib */; };
		2905ED1C246BCB2B00E7AEBB /* TitleCell.swift in Sources */ = {isa = PBXBuildFile; fileRef = 2905ED1A246BCB2B00E7AEBB /* TitleCell.swift */; };
		AB9F57FA243D54F1006612A3 /* MovieCell.swift in Sources */ = {isa = PBXBuildFile; fileRef = AB9F57F8243D54F1006612A3 /* MovieCell.swift */; };
		AB9F57FB243D54F1006612A3 /* MovieCell.xib in Resources */ = {isa = PBXBuildFile; fileRef = AB9F57F9243D54F1006612A3 /* MovieCell.xib */; };
		AB9F57FE243D57FF006612A3 /* MovieSection.swift in Sources */ = {isa = PBXBuildFile; fileRef = AB9F57FD243D57FF006612A3 /* MovieSection.swift */; };
		AB9F5800243D62FF006612A3 /* TitleSection.swift in Sources */ = {isa = PBXBuildFile; fileRef = AB9F57FF243D62FF006612A3 /* TitleSection.swift */; };
		AB9F5810243D6820006612A3 /* Movie.swift in Sources */ = {isa = PBXBuildFile; fileRef = AB9F580F243D6820006612A3 /* Movie.swift */; };
		AB9F581F243D7A55006612A3 /* Kingfisher in Frameworks */ = {isa = PBXBuildFile; productRef = AB9F581E243D7A55006612A3 /* Kingfisher */; };
		AB9F5820243D7A55006612A3 /* Kingfisher in Embed Frameworks */ = {isa = PBXBuildFile; productRef = AB9F581E243D7A55006612A3 /* Kingfisher */; settings = {ATTRIBUTES = (CodeSignOnCopy, ); }; };
		ABAB4F08241A172E001E85CA /* AppDelegate.swift in Sources */ = {isa = PBXBuildFile; fileRef = ABAB4F07241A172E001E85CA /* AppDelegate.swift */; };
		ABAB4F0A241A172E001E85CA /* SceneDelegate.swift in Sources */ = {isa = PBXBuildFile; fileRef = ABAB4F09241A172E001E85CA /* SceneDelegate.swift */; };
		ABAB4F0C241A172E001E85CA /* ViewController.swift in Sources */ = {isa = PBXBuildFile; fileRef = ABAB4F0B241A172E001E85CA /* ViewController.swift */; };
		ABAB4F0F241A172E001E85CA /* Main.storyboard in Resources */ = {isa = PBXBuildFile; fileRef = ABAB4F0D241A172E001E85CA /* Main.storyboard */; };
		ABAB4F11241A1732001E85CA /* Assets.xcassets in Resources */ = {isa = PBXBuildFile; fileRef = ABAB4F10241A1732001E85CA /* Assets.xcassets */; };
		ABAB4F14241A1732001E85CA /* LaunchScreen.storyboard in Resources */ = {isa = PBXBuildFile; fileRef = ABAB4F12241A1732001E85CA /* LaunchScreen.storyboard */; };
/* End PBXBuildFile section */

/* Begin PBXCopyFilesBuildPhase section */
		AB9F5821243D7A55006612A3 /* Embed Frameworks */ = {
			isa = PBXCopyFilesBuildPhase;
			buildActionMask = 2147483647;
			dstPath = "";
			dstSubfolderSpec = 10;
			files = (
				AB9F5820243D7A55006612A3 /* Kingfisher in Embed Frameworks */,
			);
			name = "Embed Frameworks";
			runOnlyForDeploymentPostprocessing = 0;
		};
/* End PBXCopyFilesBuildPhase section */

/* Begin PBXFileReference section */
		2905EC82245A33E300E7AEBB /* APIClient.swift */ = {isa = PBXFileReference; lastKnownFileType = sourcecode.swift; path = APIClient.swift; sourceTree = "<group>"; };
		2905EC84245A340A00E7AEBB /* Request.swift */ = {isa = PBXFileReference; lastKnownFileType = sourcecode.swift; path = Request.swift; sourceTree = "<group>"; };
		2905EC86245A34AA00E7AEBB /* Encoder.swift */ = {isa = PBXFileReference; lastKnownFileType = sourcecode.swift; path = Encoder.swift; sourceTree = "<group>"; };
		2905EC88245A34C600E7AEBB /* Response.swift */ = {isa = PBXFileReference; lastKnownFileType = sourcecode.swift; path = Response.swift; sourceTree = "<group>"; };
		2905EC8A24633EB100E7AEBB /* LoginViewController.swift */ = {isa = PBXFileReference; lastKnownFileType = sourcecode.swift; path = LoginViewController.swift; sourceTree = "<group>"; };
		2905EC8C2463405900E7AEBB /* AuthenticationTokenResponse.swift */ = {isa = PBXFileReference; lastKnownFileType = sourcecode.swift; path = AuthenticationTokenResponse.swift; sourceTree = "<group>"; };
		2905EC8E2463408300E7AEBB /* CreateSessionResponse.swift */ = {isa = PBXFileReference; lastKnownFileType = sourcecode.swift; path = CreateSessionResponse.swift; sourceTree = "<group>"; };
		2905EC902463409800E7AEBB /* Account.swift */ = {isa = PBXFileReference; lastKnownFileType = sourcecode.swift; path = Account.swift; sourceTree = "<group>"; };
		2905ED19246BCB2B00E7AEBB /* TitleCell.xib */ = {isa = PBXFileReference; fileEncoding = 4; lastKnownFileType = file.xib; name = TitleCell.xib; path = ../../../Newsstand/Newsstand/Cells/TitleCell.xib; sourceTree = "<group>"; };
		2905ED1A246BCB2B00E7AEBB /* TitleCell.swift */ = {isa = PBXFileReference; fileEncoding = 4; lastKnownFileType = sourcecode.swift; name = TitleCell.swift; path = ../../../Newsstand/Newsstand/Cells/TitleCell.swift; sourceTree = "<group>"; };
		AB9F57F8243D54F1006612A3 /* MovieCell.swift */ = {isa = PBXFileReference; lastKnownFileType = sourcecode.swift; path = MovieCell.swift; sourceTree = "<group>"; };
		AB9F57F9243D54F1006612A3 /* MovieCell.xib */ = {isa = PBXFileReference; lastKnownFileType = file.xib; path = MovieCell.xib; sourceTree = "<group>"; };
		AB9F57FD243D57FF006612A3 /* MovieSection.swift */ = {isa = PBXFileReference; lastKnownFileType = sourcecode.swift; path = MovieSection.swift; sourceTree = "<group>"; };
		AB9F57FF243D62FF006612A3 /* TitleSection.swift */ = {isa = PBXFileReference; lastKnownFileType = sourcecode.swift; path = TitleSection.swift; sourceTree = "<group>"; };
		AB9F580F243D6820006612A3 /* Movie.swift */ = {isa = PBXFileReference; lastKnownFileType = sourcecode.swift; path = Movie.swift; sourceTree = "<group>"; };
		ABAB4F04241A172E001E85CA /* Moviefy.app */ = {isa = PBXFileReference; explicitFileType = wrapper.application; includeInIndex = 0; path = Moviefy.app; sourceTree = BUILT_PRODUCTS_DIR; };
		ABAB4F07241A172E001E85CA /* AppDelegate.swift */ = {isa = PBXFileReference; lastKnownFileType = sourcecode.swift; path = AppDelegate.swift; sourceTree = "<group>"; };
		ABAB4F09241A172E001E85CA /* SceneDelegate.swift */ = {isa = PBXFileReference; lastKnownFileType = sourcecode.swift; path = SceneDelegate.swift; sourceTree = "<group>"; };
		ABAB4F0B241A172E001E85CA /* ViewController.swift */ = {isa = PBXFileReference; lastKnownFileType = sourcecode.swift; path = ViewController.swift; sourceTree = "<group>"; };
		ABAB4F0E241A172E001E85CA /* Base */ = {isa = PBXFileReference; lastKnownFileType = file.storyboard; name = Base; path = Base.lproj/Main.storyboard; sourceTree = "<group>"; };
		ABAB4F10241A1732001E85CA /* Assets.xcassets */ = {isa = PBXFileReference; lastKnownFileType = folder.assetcatalog; path = Assets.xcassets; sourceTree = "<group>"; };
		ABAB4F13241A1732001E85CA /* Base */ = {isa = PBXFileReference; lastKnownFileType = file.storyboard; name = Base; path = Base.lproj/LaunchScreen.storyboard; sourceTree = "<group>"; };
		ABAB4F15241A1732001E85CA /* Info.plist */ = {isa = PBXFileReference; lastKnownFileType = text.plist.xml; path = Info.plist; sourceTree = "<group>"; };
/* End PBXFileReference section */

/* Begin PBXFrameworksBuildPhase section */
		ABAB4F01241A172E001E85CA /* Frameworks */ = {
			isa = PBXFrameworksBuildPhase;
			buildActionMask = 2147483647;
			files = (
				AB9F581F243D7A55006612A3 /* Kingfisher in Frameworks */,
			);
			runOnlyForDeploymentPostprocessing = 0;
		};
/* End PBXFrameworksBuildPhase section */

/* Begin PBXGroup section */
		2905EC81245A33BF00E7AEBB /* Networking */ = {
			isa = PBXGroup;
			children = (
				2905EC82245A33E300E7AEBB /* APIClient.swift */,
				2905EC84245A340A00E7AEBB /* Request.swift */,
				2905EC86245A34AA00E7AEBB /* Encoder.swift */,
				2905EC88245A34C600E7AEBB /* Response.swift */,
			);
			path = Networking;
			sourceTree = "<group>";
		};
		AB9F57F5243D54BC006612A3 /* Cells */ = {
			isa = PBXGroup;
			children = (
				AB9F57F8243D54F1006612A3 /* MovieCell.swift */,
				AB9F57F9243D54F1006612A3 /* MovieCell.xib */,
				2905ED1A246BCB2B00E7AEBB /* TitleCell.swift */,
				2905ED19246BCB2B00E7AEBB /* TitleCell.xib */,
			);
			path = Cells;
			sourceTree = "<group>";
		};
		AB9F57FC243D57D3006612A3 /* Sections */ = {
			isa = PBXGroup;
			children = (
				AB9F57FD243D57FF006612A3 /* MovieSection.swift */,
				AB9F57FF243D62FF006612A3 /* TitleSection.swift */,
			);
			path = Sections;
			sourceTree = "<group>";
		};
		AB9F5806243D6495006612A3 /* Controller */ = {
			isa = PBXGroup;
			children = (
				ABAB4F0B241A172E001E85CA /* ViewController.swift */,
				2905EC8A24633EB100E7AEBB /* LoginViewController.swift */,
			);
			path = Controller;
			sourceTree = "<group>";
		};
		AB9F580E243D680D006612A3 /* Model */ = {
			isa = PBXGroup;
			children = (
				2905EC8C2463405900E7AEBB /* AuthenticationTokenResponse.swift */,
				2905EC8E2463408300E7AEBB /* CreateSessionResponse.swift */,
				2905EC902463409800E7AEBB /* Account.swift */,
				AB9F580F243D6820006612A3 /* Movie.swift */,
			);
			path = Model;
			sourceTree = "<group>";
		};
		ABAB4EFB241A172E001E85CA = {
			isa = PBXGroup;
			children = (
				ABAB4F06241A172E001E85CA /* Moviefy */,
				ABAB4F05241A172E001E85CA /* Products */,
			);
			sourceTree = "<group>";
		};
		ABAB4F05241A172E001E85CA /* Products */ = {
			isa = PBXGroup;
			children = (
				ABAB4F04241A172E001E85CA /* Moviefy.app */,
			);
			name = Products;
			sourceTree = "<group>";
		};
		ABAB4F06241A172E001E85CA /* Moviefy */ = {
			isa = PBXGroup;
			children = (
				ABAB4F07241A172E001E85CA /* AppDelegate.swift */,
				ABAB4F09241A172E001E85CA /* SceneDelegate.swift */,
				2905EC81245A33BF00E7AEBB /* Networking */,
				AB9F580E243D680D006612A3 /* Model */,
				AB9F5806243D6495006612A3 /* Controller */,
				AB9F57FC243D57D3006612A3 /* Sections */,
				AB9F57F5243D54BC006612A3 /* Cells */,
				ABAB4F10241A1732001E85CA /* Assets.xcassets */,
				ABAB4F0D241A172E001E85CA /* Main.storyboard */,
				ABAB4F12241A1732001E85CA /* LaunchScreen.storyboard */,
				ABAB4F15241A1732001E85CA /* Info.plist */,
			);
			path = Moviefy;
			sourceTree = "<group>";
		};
/* End PBXGroup section */

/* Begin PBXNativeTarget section */
		ABAB4F03241A172E001E85CA /* Moviefy */ = {
			isa = PBXNativeTarget;
			buildConfigurationList = ABAB4F18241A1732001E85CA /* Build configuration list for PBXNativeTarget "Moviefy" */;
			buildPhases = (
				ABAB4F00241A172E001E85CA /* Sources */,
				ABAB4F01241A172E001E85CA /* Frameworks */,
				ABAB4F02241A172E001E85CA /* Resources */,
				AB9F5821243D7A55006612A3 /* Embed Frameworks */,
			);
			buildRules = (
			);
			dependencies = (
			);
			name = Moviefy;
			packageProductDependencies = (
				AB9F581E243D7A55006612A3 /* Kingfisher */,
			);
			productName = Moviefy;
			productReference = ABAB4F04241A172E001E85CA /* Moviefy.app */;
			productType = "com.apple.product-type.application";
		};
/* End PBXNativeTarget section */

/* Begin PBXProject section */
		ABAB4EFC241A172E001E85CA /* Project object */ = {
			isa = PBXProject;
			attributes = {
				LastSwiftUpdateCheck = 1100;
				LastUpgradeCheck = 1100;
				ORGANIZATIONNAME = "Adriana González Martínez";
				TargetAttributes = {
					ABAB4F03241A172E001E85CA = {
						CreatedOnToolsVersion = 11.0;
					};
				};
			};
			buildConfigurationList = ABAB4EFF241A172E001E85CA /* Build configuration list for PBXProject "Moviefy" */;
			compatibilityVersion = "Xcode 9.3";
			developmentRegion = en;
			hasScannedForEncodings = 0;
			knownRegions = (
				en,
				Base,
			);
			mainGroup = ABAB4EFB241A172E001E85CA;
			packageReferences = (
				AB9F581D243D7A55006612A3 /* XCRemoteSwiftPackageReference "Kingfisher" */,
			);
			productRefGroup = ABAB4F05241A172E001E85CA /* Products */;
			projectDirPath = "";
			projectRoot = "";
			targets = (
				ABAB4F03241A172E001E85CA /* Moviefy */,
			);
		};
/* End PBXProject section */

/* Begin PBXResourcesBuildPhase section */
		ABAB4F02241A172E001E85CA /* Resources */ = {
			isa = PBXResourcesBuildPhase;
			buildActionMask = 2147483647;
			files = (
				ABAB4F14241A1732001E85CA /* LaunchScreen.storyboard in Resources */,
				ABAB4F11241A1732001E85CA /* Assets.xcassets in Resources */,
				AB9F57FB243D54F1006612A3 /* MovieCell.xib in Resources */,
				ABAB4F0F241A172E001E85CA /* Main.storyboard in Resources */,
				2905ED1B246BCB2B00E7AEBB /* TitleCell.xib in Resources */,
			);
			runOnlyForDeploymentPostprocessing = 0;
		};
/* End PBXResourcesBuildPhase section */

/* Begin PBXSourcesBuildPhase section */
		ABAB4F00241A172E001E85CA /* Sources */ = {
			isa = PBXSourcesBuildPhase;
			buildActionMask = 2147483647;
			files = (
				AB9F5800243D62FF006612A3 /* TitleSection.swift in Sources */,
				2905EC8F2463408300E7AEBB /* CreateSessionResponse.swift in Sources */,
				2905EC8D2463405900E7AEBB /* AuthenticationTokenResponse.swift in Sources */,
				ABAB4F0C241A172E001E85CA /* ViewController.swift in Sources */,
				2905EC912463409800E7AEBB /* Account.swift in Sources */,
				ABAB4F08241A172E001E85CA /* AppDelegate.swift in Sources */,
				2905EC89245A34C600E7AEBB /* Response.swift in Sources */,
				AB9F5810243D6820006612A3 /* Movie.swift in Sources */,
				AB9F57FA243D54F1006612A3 /* MovieCell.swift in Sources */,
				ABAB4F0A241A172E001E85CA /* SceneDelegate.swift in Sources */,
				2905EC85245A340B00E7AEBB /* Request.swift in Sources */,
				AB9F57FE243D57FF006612A3 /* MovieSection.swift in Sources */,
				2905ED1C246BCB2B00E7AEBB /* TitleCell.swift in Sources */,
				2905EC87245A34AA00E7AEBB /* Encoder.swift in Sources */,
				2905EC8B24633EB100E7AEBB /* LoginViewController.swift in Sources */,
				2905EC83245A33E300E7AEBB /* APIClient.swift in Sources */,
			);
			runOnlyForDeploymentPostprocessing = 0;
		};
/* End PBXSourcesBuildPhase section */

/* Begin PBXVariantGroup section */
		ABAB4F0D241A172E001E85CA /* Main.storyboard */ = {
			isa = PBXVariantGroup;
			children = (
				ABAB4F0E241A172E001E85CA /* Base */,
			);
			name = Main.storyboard;
			sourceTree = "<group>";
		};
		ABAB4F12241A1732001E85CA /* LaunchScreen.storyboard */ = {
			isa = PBXVariantGroup;
			children = (
				ABAB4F13241A1732001E85CA /* Base */,
			);
			name = LaunchScreen.storyboard;
			sourceTree = "<group>";
		};
/* End PBXVariantGroup section */

/* Begin XCBuildConfiguration section */
		ABAB4F16241A1732001E85CA /* Debug */ = {
			isa = XCBuildConfiguration;
			buildSettings = {
				ALWAYS_SEARCH_USER_PATHS = NO;
				CLANG_ANALYZER_NONNULL = YES;
				CLANG_ANALYZER_NUMBER_OBJECT_CONVERSION = YES_AGGRESSIVE;
				CLANG_CXX_LANGUAGE_STANDARD = "gnu++14";
				CLANG_CXX_LIBRARY = "libc++";
				CLANG_ENABLE_MODULES = YES;
				CLANG_ENABLE_OBJC_ARC = YES;
				CLANG_ENABLE_OBJC_WEAK = YES;
				CLANG_WARN_BLOCK_CAPTURE_AUTORELEASING = YES;
				CLANG_WARN_BOOL_CONVERSION = YES;
				CLANG_WARN_COMMA = YES;
				CLANG_WARN_CONSTANT_CONVERSION = YES;
				CLANG_WARN_DEPRECATED_OBJC_IMPLEMENTATIONS = YES;
				CLANG_WARN_DIRECT_OBJC_ISA_USAGE = YES_ERROR;
				CLANG_WARN_DOCUMENTATION_COMMENTS = YES;
				CLANG_WARN_EMPTY_BODY = YES;
				CLANG_WARN_ENUM_CONVERSION = YES;
				CLANG_WARN_INFINITE_RECURSION = YES;
				CLANG_WARN_INT_CONVERSION = YES;
				CLANG_WARN_NON_LITERAL_NULL_CONVERSION = YES;
				CLANG_WARN_OBJC_IMPLICIT_RETAIN_SELF = YES;
				CLANG_WARN_OBJC_LITERAL_CONVERSION = YES;
				CLANG_WARN_OBJC_ROOT_CLASS = YES_ERROR;
				CLANG_WARN_RANGE_LOOP_ANALYSIS = YES;
				CLANG_WARN_STRICT_PROTOTYPES = YES;
				CLANG_WARN_SUSPICIOUS_MOVE = YES;
				CLANG_WARN_UNGUARDED_AVAILABILITY = YES_AGGRESSIVE;
				CLANG_WARN_UNREACHABLE_CODE = YES;
				CLANG_WARN__DUPLICATE_METHOD_MATCH = YES;
				COPY_PHASE_STRIP = NO;
				DEBUG_INFORMATION_FORMAT = dwarf;
				ENABLE_STRICT_OBJC_MSGSEND = YES;
				ENABLE_TESTABILITY = YES;
				GCC_C_LANGUAGE_STANDARD = gnu11;
				GCC_DYNAMIC_NO_PIC = NO;
				GCC_NO_COMMON_BLOCKS = YES;
				GCC_OPTIMIZATION_LEVEL = 0;
				GCC_PREPROCESSOR_DEFINITIONS = (
					"DEBUG=1",
					"$(inherited)",
				);
				GCC_WARN_64_TO_32_BIT_CONVERSION = YES;
				GCC_WARN_ABOUT_RETURN_TYPE = YES_ERROR;
				GCC_WARN_UNDECLARED_SELECTOR = YES;
				GCC_WARN_UNINITIALIZED_AUTOS = YES_AGGRESSIVE;
				GCC_WARN_UNUSED_FUNCTION = YES;
				GCC_WARN_UNUSED_VARIABLE = YES;
				IPHONEOS_DEPLOYMENT_TARGET = 13.0;
				MTL_ENABLE_DEBUG_INFO = INCLUDE_SOURCE;
				MTL_FAST_MATH = YES;
				ONLY_ACTIVE_ARCH = YES;
				SDKROOT = iphoneos;
				SWIFT_ACTIVE_COMPILATION_CONDITIONS = DEBUG;
				SWIFT_OPTIMIZATION_LEVEL = "-Onone";
			};
			name = Debug;
		};
		ABAB4F17241A1732001E85CA /* Release */ = {
			isa = XCBuildConfiguration;
			buildSettings = {
				ALWAYS_SEARCH_USER_PATHS = NO;
				CLANG_ANALYZER_NONNULL = YES;
				CLANG_ANALYZER_NUMBER_OBJECT_CONVERSION = YES_AGGRESSIVE;
				CLANG_CXX_LANGUAGE_STANDARD = "gnu++14";
				CLANG_CXX_LIBRARY = "libc++";
				CLANG_ENABLE_MODULES = YES;
				CLANG_ENABLE_OBJC_ARC = YES;
				CLANG_ENABLE_OBJC_WEAK = YES;
				CLANG_WARN_BLOCK_CAPTURE_AUTORELEASING = YES;
				CLANG_WARN_BOOL_CONVERSION = YES;
				CLANG_WARN_COMMA = YES;
				CLANG_WARN_CONSTANT_CONVERSION = YES;
				CLANG_WARN_DEPRECATED_OBJC_IMPLEMENTATIONS = YES;
				CLANG_WARN_DIRECT_OBJC_ISA_USAGE = YES_ERROR;
				CLANG_WARN_DOCUMENTATION_COMMENTS = YES;
				CLANG_WARN_EMPTY_BODY = YES;
				CLANG_WARN_ENUM_CONVERSION = YES;
				CLANG_WARN_INFINITE_RECURSION = YES;
				CLANG_WARN_INT_CONVERSION = YES;
				CLANG_WARN_NON_LITERAL_NULL_CONVERSION = YES;
				CLANG_WARN_OBJC_IMPLICIT_RETAIN_SELF = YES;
				CLANG_WARN_OBJC_LITERAL_CONVERSION = YES;
				CLANG_WARN_OBJC_ROOT_CLASS = YES_ERROR;
				CLANG_WARN_RANGE_LOOP_ANALYSIS = YES;
				CLANG_WARN_STRICT_PROTOTYPES = YES;
				CLANG_WARN_SUSPICIOUS_MOVE = YES;
				CLANG_WARN_UNGUARDED_AVAILABILITY = YES_AGGRESSIVE;
				CLANG_WARN_UNREACHABLE_CODE = YES;
				CLANG_WARN__DUPLICATE_METHOD_MATCH = YES;
				COPY_PHASE_STRIP = NO;
				DEBUG_INFORMATION_FORMAT = "dwarf-with-dsym";
				ENABLE_NS_ASSERTIONS = NO;
				ENABLE_STRICT_OBJC_MSGSEND = YES;
				GCC_C_LANGUAGE_STANDARD = gnu11;
				GCC_NO_COMMON_BLOCKS = YES;
				GCC_WARN_64_TO_32_BIT_CONVERSION = YES;
				GCC_WARN_ABOUT_RETURN_TYPE = YES_ERROR;
				GCC_WARN_UNDECLARED_SELECTOR = YES;
				GCC_WARN_UNINITIALIZED_AUTOS = YES_AGGRESSIVE;
				GCC_WARN_UNUSED_FUNCTION = YES;
				GCC_WARN_UNUSED_VARIABLE = YES;
				IPHONEOS_DEPLOYMENT_TARGET = 13.0;
				MTL_ENABLE_DEBUG_INFO = NO;
				MTL_FAST_MATH = YES;
				SDKROOT = iphoneos;
				SWIFT_COMPILATION_MODE = wholemodule;
				SWIFT_OPTIMIZATION_LEVEL = "-O";
				VALIDATE_PRODUCT = YES;
			};
			name = Release;
		};
		ABAB4F19241A1732001E85CA /* Debug */ = {
			isa = XCBuildConfiguration;
			buildSettings = {
				ASSETCATALOG_COMPILER_APPICON_NAME = AppIcon;
				CODE_SIGN_STYLE = Automatic;
				DEVELOPMENT_TEAM = TZRX6AQ237;
				INFOPLIST_FILE = Moviefy/Info.plist;
				LD_RUNPATH_SEARCH_PATHS = (
					"$(inherited)",
					"@executable_path/Frameworks",
				);
				PRODUCT_BUNDLE_IDENTIFIER = com.amgm.Moviefy;
				PRODUCT_NAME = "$(TARGET_NAME)";
				SWIFT_VERSION = 5.0;
				TARGETED_DEVICE_FAMILY = "1,2";
			};
			name = Debug;
		};
		ABAB4F1A241A1732001E85CA /* Release */ = {
			isa = XCBuildConfiguration;
			buildSettings = {
				ASSETCATALOG_COMPILER_APPICON_NAME = AppIcon;
				CODE_SIGN_STYLE = Automatic;
				DEVELOPMENT_TEAM = TZRX6AQ237;
				INFOPLIST_FILE = Moviefy/Info.plist;
				LD_RUNPATH_SEARCH_PATHS = (
					"$(inherited)",
					"@executable_path/Frameworks",
				);
				PRODUCT_BUNDLE_IDENTIFIER = com.amgm.Moviefy;
				PRODUCT_NAME = "$(TARGET_NAME)";
				SWIFT_VERSION = 5.0;
				TARGETED_DEVICE_FAMILY = "1,2";
			};
			name = Release;
		};
/* End XCBuildConfiguration section */

/* Begin XCConfigurationList section */
		ABAB4EFF241A172E001E85CA /* Build configuration list for PBXProject "Moviefy" */ = {
			isa = XCConfigurationList;
			buildConfigurations = (
				ABAB4F16241A1732001E85CA /* Debug */,
				ABAB4F17241A1732001E85CA /* Release */,
			);
			defaultConfigurationIsVisible = 0;
			defaultConfigurationName = Release;
		};
		ABAB4F18241A1732001E85CA /* Build configuration list for PBXNativeTarget "Moviefy" */ = {
			isa = XCConfigurationList;
			buildConfigurations = (
				ABAB4F19241A1732001E85CA /* Debug */,
				ABAB4F1A241A1732001E85CA /* Release */,
			);
			defaultConfigurationIsVisible = 0;
			defaultConfigurationName = Release;
		};
/* End XCConfigurationList section */

/* Begin XCRemoteSwiftPackageReference section */
		AB9F581D243D7A55006612A3 /* XCRemoteSwiftPackageReference "Kingfisher" */ = {
			isa = XCRemoteSwiftPackageReference;
			repositoryURL = "https://github.com/onevcat/Kingfisher.git";
			requirement = {
				kind = upToNextMajorVersion;
				minimumVersion = 5.13.3;
			};
		};
/* End XCRemoteSwiftPackageReference section */

/* Begin XCSwiftPackageProductDependency section */
		AB9F581E243D7A55006612A3 /* Kingfisher */ = {
			isa = XCSwiftPackageProductDependency;
			package = AB9F581D243D7A55006612A3 /* XCRemoteSwiftPackageReference "Kingfisher" */;
			productName = Kingfisher;
		};
/* End XCSwiftPackageProductDependency section */
	};
	rootObject = ABAB4EFC241A172E001E85CA /* Project object */;
}
